
Microsoft Visual Studio Solution File, Format Version 12.00
# Visual Studio Version 16
VisualStudioVersion = 16.0.30204.135
MinimumVisualStudioVersion = 10.0.40219.1
Project("{FAE04EC0-301F-11D3-BF4B-00C04F79EFBC}") = "RestDemo", "RestDemo.csproj", "{31CF0BAC-B61A-4474-A2FB-7DC8BB88CD0F}"
EndProject
Global
	GlobalSection(SolutionConfigurationPlatforms) = preSolution
		Debug|Any CPU = Debug|Any CPU
		Release|Any CPU = Release|Any CPU
	EndGlobalSection
	GlobalSection(ProjectConfigurationPlatforms) = postSolution
		{31CF0BAC-B61A-4474-A2FB-7DC8BB88CD0F}.Debug|Any CPU.ActiveCfg = Debug|Any CPU
		{31CF0BAC-B61A-4474-A2FB-7DC8BB88CD0F}.Debug|Any CPU.Build.0 = Debug|Any CPU
		{31CF0BAC-B61A-4474-A2FB-7DC8BB88CD0F}.Release|Any CPU.ActiveCfg = Release|Any CPU
		{31CF0BAC-B61A-4474-A2FB-7DC8BB88CD0F}.Release|Any CPU.Build.0 = Release|Any CPU
	EndGlobalSection
	GlobalSection(SolutionProperties) = preSolution
		HideSolutionNode = FALSE
	EndGlobalSection
	GlobalSection(ExtensibilityGlobals) = postSolution
		SolutionGuid = {6B2C413E-2F16-49CC-B4CC-15F5F88915C7}
	EndGlobalSection
EndGlobal
